{
  "requires": true,
  "lockfileVersion": 1,
  "dependencies": {
    "react-tradingview-widget": {
      "version": "1.3.0",
      "resolved": "https://registry.npmjs.org/react-tradingview-widget/-/react-tradingview-widget-1.3.0.tgz",
      "integrity": "sha512-eXBYqRTIMCWua7q5kM9mdEsDLRLgD+LAfdHAWbk88vEHo0efkkbq/rWBK8qJMjx3nv29DcgKlcDdbUiOp+O6mg=="
    }
  }
}
